{
  "requires": true,
  "lockfileVersion": 1,
  "dependencies": {
    "@chrisoakman/chessboardjs": {
      "version": "1.0.0",
      "resolved": "https://registry.npmjs.org/@chrisoakman/chessboardjs/-/chessboardjs-1.0.0.tgz",
      "integrity": "sha512-JHXHoQwwc86xW3F0YIdFcEWLnPldee5mHkqwJbOTeDh5gvNmYXyBj6AkeecDkj2WtORF959yaWYlpyZHUl3LCQ==",
      "requires": {
        "jquery": ">=3.4.1"
      }
    },
    "chess.js": {
      "version": "0.10.3",
      "resolved": "https://registry.npmjs.org/chess.js/-/chess.js-0.10.3.tgz",
      "integrity": "sha512-i51JgVM0ksFMbLJYKoDpfrcFxJHq/XQQx8NltCdfMyDv7vpU5JVzsZz1EOw7nA27eGA5t8tSxodAN+Wc704BoQ=="
    },
    "jquery": {
      "version": "3.4.1",
      "resolved": "https://registry.npmjs.org/jquery/-/jquery-3.4.1.tgz",
      "integrity": "sha512-36+AdBzCL+y6qjw5Tx7HgzeGCzC81MDDgaUP8ld2zhx58HdqXGoBd+tHdrBMiyjGQs0Hxs/MLZTu/eHNJJuWPw=="
    }
  }
}
