{
  "name": "Planets.activity",
  "lockfileVersion": 3,
  "requires": true,
  "packages": {
    "": {
      "dependencies": {
        "js-ini": "^1.6.0"
      }
    },
    "node_modules/js-ini": {
      "version": "1.6.0",
      "resolved": "https://registry.npmjs.org/js-ini/-/js-ini-1.6.0.tgz",
      "integrity": "sha512-9Vx+NVkMRNY4i7pLLIGdXIQbP1iwB3fP2IG1zMCgeUUvR1ODmTKa33eR/J9FHoorNsfoJr9/2SVqeSKLwPD9Nw=="
    }
  }
}
